
Microsoft Visual Studio Solution File, Format Version 12.00
# Visual Studio Version 17
VisualStudioVersion = 17.6.33815.320
MinimumVisualStudioVersion = 10.0.40219.1
Project("{9A19103F-16F7-4668-BE54-9A1E7A4F7556}") = "File sending", "File sending\File sending.csproj", "{04B25D65-D82C-409D-AF26-91898508D14C}"
EndProject
Project("{9A19103F-16F7-4668-BE54-9A1E7A4F7556}") = "File-Sending-Tests", "File-Sending-Tests\File-Sending-Tests.csproj", "{892F6850-A136-4F71-AFC1-E7B4414823AE}"
EndProject
Project("{9A19103F-16F7-4668-BE54-9A1E7A4F7556}") = "Infrastracture", "Infrastracture\Infrastracture.csproj", "{16C02212-63C1-44FE-B56E-71A24B72B8F4}"
EndProject
Project("{9A19103F-16F7-4668-BE54-9A1E7A4F7556}") = "Application", "Application\Application.csproj", "{91042B1F-C271-49A0-AFCA-7DE053B932BB}"
EndProject
Project("{9A19103F-16F7-4668-BE54-9A1E7A4F7556}") = "Domain", "Domain\Domain.csproj", "{DBDB90E6-AFFE-4E16-BC0D-FFA2B94BCBFD}"
EndProject
Global
	GlobalSection(SolutionConfigurationPlatforms) = preSolution
		Debug|Any CPU = Debug|Any CPU
		Release|Any CPU = Release|Any CPU
	EndGlobalSection
	GlobalSection(ProjectConfigurationPlatforms) = postSolution
		{04B25D65-D82C-409D-AF26-91898508D14C}.Debug|Any CPU.ActiveCfg = Debug|Any CPU
		{04B25D65-D82C-409D-AF26-91898508D14C}.Debug|Any CPU.Build.0 = Debug|Any CPU
		{04B25D65-D82C-409D-AF26-91898508D14C}.Release|Any CPU.ActiveCfg = Release|Any CPU
		{04B25D65-D82C-409D-AF26-91898508D14C}.Release|Any CPU.Build.0 = Release|Any CPU
		{892F6850-A136-4F71-AFC1-E7B4414823AE}.Debug|Any CPU.ActiveCfg = Debug|Any CPU
		{892F6850-A136-4F71-AFC1-E7B4414823AE}.Debug|Any CPU.Build.0 = Debug|Any CPU
		{892F6850-A136-4F71-AFC1-E7B4414823AE}.Release|Any CPU.ActiveCfg = Release|Any CPU
		{892F6850-A136-4F71-AFC1-E7B4414823AE}.Release|Any CPU.Build.0 = Release|Any CPU
		{16C02212-63C1-44FE-B56E-71A24B72B8F4}.Debug|Any CPU.ActiveCfg = Debug|Any CPU
		{16C02212-63C1-44FE-B56E-71A24B72B8F4}.Debug|Any CPU.Build.0 = Debug|Any CPU
		{16C02212-63C1-44FE-B56E-71A24B72B8F4}.Release|Any CPU.ActiveCfg = Release|Any CPU
		{16C02212-63C1-44FE-B56E-71A24B72B8F4}.Release|Any CPU.Build.0 = Release|Any CPU
		{91042B1F-C271-49A0-AFCA-7DE053B932BB}.Debug|Any CPU.ActiveCfg = Debug|Any CPU
		{91042B1F-C271-49A0-AFCA-7DE053B932BB}.Debug|Any CPU.Build.0 = Debug|Any CPU
		{91042B1F-C271-49A0-AFCA-7DE053B932BB}.Release|Any CPU.ActiveCfg = Release|Any CPU
		{91042B1F-C271-49A0-AFCA-7DE053B932BB}.Release|Any CPU.Build.0 = Release|Any CPU
		{DBDB90E6-AFFE-4E16-BC0D-FFA2B94BCBFD}.Debug|Any CPU.ActiveCfg = Debug|Any CPU
		{DBDB90E6-AFFE-4E16-BC0D-FFA2B94BCBFD}.Debug|Any CPU.Build.0 = Debug|Any CPU
		{DBDB90E6-AFFE-4E16-BC0D-FFA2B94BCBFD}.Release|Any CPU.ActiveCfg = Release|Any CPU
		{DBDB90E6-AFFE-4E16-BC0D-FFA2B94BCBFD}.Release|Any CPU.Build.0 = Release|Any CPU
	EndGlobalSection
	GlobalSection(SolutionProperties) = preSolution
		HideSolutionNode = FALSE
	EndGlobalSection
	GlobalSection(ExtensibilityGlobals) = postSolution
		SolutionGuid = {E2F1A87A-0278-4030-8879-9C77C466323E}
	EndGlobalSection
EndGlobal
